
Microsoft Visual Studio Solution File, Format Version 12.00
# Visual Studio for Mac
Project("{FAE04EC0-301F-11D3-BF4B-00C04F79EFBC}") = "2D_ECS", "Assembly-CSharp.csproj", "{335CC2FB-0B1D-062B-562E-46F41B939D0E}"
EndProject
Global
	GlobalSection(SolutionConfigurationPlatforms) = preSolution
		Debug|Any CPU = Debug|Any CPU
		Release|Any CPU = Release|Any CPU
	EndGlobalSection
	GlobalSection(ProjectConfigurationPlatforms) = postSolution
		{335CC2FB-0B1D-062B-562E-46F41B939D0E}.Debug|Any CPU.ActiveCfg = Debug|Any CPU
		{335CC2FB-0B1D-062B-562E-46F41B939D0E}.Debug|Any CPU.Build.0 = Debug|Any CPU
		{335CC2FB-0B1D-062B-562E-46F41B939D0E}.Release|Any CPU.ActiveCfg = Release|Any CPU
		{335CC2FB-0B1D-062B-562E-46F41B939D0E}.Release|Any CPU.Build.0 = Release|Any CPU
	EndGlobalSection
	GlobalSection(SolutionProperties) = preSolution
		HideSolutionNode = FALSE
	EndGlobalSection
EndGlobal
